
Microsoft Visual Studio Solution File, Format Version 12.00
# Visual Studio 15
VisualStudioVersion = 15.0.33529.398
MinimumVisualStudioVersion = 10.0.40219.1
Project("{9A19103F-16F7-4668-BE54-9A1E7A4F7556}") = "Growwise1", "Growwise1\Growwise1.csproj", "{65939A9F-31D4-47BF-A9A9-4965B3F551D8}"
EndProject
Project("{9A19103F-16F7-4668-BE54-9A1E7A4F7556}") = "Growwise.Data", "Growwise.Data\Growwise.Data.csproj", "{7547BBD7-1409-4298-91DD-083B0C098FB6}"
EndProject
Project("{9A19103F-16F7-4668-BE54-9A1E7A4F7556}") = "Growwise.Service", "Growwise.Service\Growwise.Service.csproj", "{996CDD93-8094-424A-8383-DEB1ECDDDA78}"
EndProject
Project("{FAE04EC0-301F-11D3-BF4B-00C04F79EFBC}") = "Growwise.Tests", "Growwise.Tests\Growwise.Tests.csproj", "{4D752362-475C-437E-9646-882A3047C594}"
EndProject
Global
	GlobalSection(SolutionConfigurationPlatforms) = preSolution
		Debug|Any CPU = Debug|Any CPU
		Release|Any CPU = Release|Any CPU
	EndGlobalSection
	GlobalSection(ProjectConfigurationPlatforms) = postSolution
		{65939A9F-31D4-47BF-A9A9-4965B3F551D8}.Debug|Any CPU.ActiveCfg = Debug|Any CPU
		{65939A9F-31D4-47BF-A9A9-4965B3F551D8}.Debug|Any CPU.Build.0 = Debug|Any CPU
		{65939A9F-31D4-47BF-A9A9-4965B3F551D8}.Release|Any CPU.ActiveCfg = Release|Any CPU
		{65939A9F-31D4-47BF-A9A9-4965B3F551D8}.Release|Any CPU.Build.0 = Release|Any CPU
		{7547BBD7-1409-4298-91DD-083B0C098FB6}.Debug|Any CPU.ActiveCfg = Debug|Any CPU
		{7547BBD7-1409-4298-91DD-083B0C098FB6}.Debug|Any CPU.Build.0 = Debug|Any CPU
		{7547BBD7-1409-4298-91DD-083B0C098FB6}.Release|Any CPU.ActiveCfg = Release|Any CPU
		{7547BBD7-1409-4298-91DD-083B0C098FB6}.Release|Any CPU.Build.0 = Release|Any CPU
		{996CDD93-8094-424A-8383-DEB1ECDDDA78}.Debug|Any CPU.ActiveCfg = Debug|Any CPU
		{996CDD93-8094-424A-8383-DEB1ECDDDA78}.Debug|Any CPU.Build.0 = Debug|Any CPU
		{996CDD93-8094-424A-8383-DEB1ECDDDA78}.Release|Any CPU.ActiveCfg = Release|Any CPU
		{996CDD93-8094-424A-8383-DEB1ECDDDA78}.Release|Any CPU.Build.0 = Release|Any CPU
		{4D752362-475C-437E-9646-882A3047C594}.Debug|Any CPU.ActiveCfg = Debug|Any CPU
		{4D752362-475C-437E-9646-882A3047C594}.Debug|Any CPU.Build.0 = Debug|Any CPU
		{4D752362-475C-437E-9646-882A3047C594}.Release|Any CPU.ActiveCfg = Release|Any CPU
		{4D752362-475C-437E-9646-882A3047C594}.Release|Any CPU.Build.0 = Release|Any CPU
	EndGlobalSection
	GlobalSection(SolutionProperties) = preSolution
		HideSolutionNode = FALSE
	EndGlobalSection
	GlobalSection(ExtensibilityGlobals) = postSolution
		SolutionGuid = {5127ABBA-DCEC-443D-A703-5C2D87D2ED8A}
	EndGlobalSection
EndGlobal
